Microsoft Visual Studio Solution File, Format Version 12.00
# Visual Studio Version 17
Project("{FAE04EC0-301F-11D3-BF4B-00C04F79EFBC}") = "XLinkSharp", "src\XLinkSharp\XLinkSharp.csproj", "{D626983B-DC8E-4A8B-B930-89E846296CC8}"
EndProject
Global
	GlobalSection(SolutionConfigurationPlatforms) = preSolution
		Debug|Any CPU = Debug|Any CPU
		Release|Any CPU = Release|Any CPU
	EndGlobalSection
	GlobalSection(ProjectConfigurationPlatforms) = postSolution
		{D626983B-DC8E-4A8B-B930-89E846296CC8}.Debug|Any CPU.ActiveCfg = Debug|Any CPU
		{D626983B-DC8E-4A8B-B930-89E846296CC8}.Debug|Any CPU.Build.0 = Debug|Any CPU
		{D626983B-DC8E-4A8B-B930-89E846296CC8}.Release|Any CPU.ActiveCfg = Release|Any CPU
		{D626983B-DC8E-4A8B-B930-89E846296CC8}.Release|Any CPU.Build.0 = Release|Any CPU
	EndGlobalSection
EndGlobal
